
Microsoft Visual Studio Solution File, Format Version 12.00
# Visual Studio Version 17
VisualStudioVersion = 17.1.32407.343
MinimumVisualStudioVersion = 10.0.40219.1
Project("{9A19103F-16F7-4668-BE54-9A1E7A4F7556}") = "ACMESharp.DotNetCore", "ACMESharpCore\src\ACMESharp.DotNetCore\ACMESharp.DotNetCore.csproj", "{89033DD0-C338-4F6D-8B39-68FB27F0DE64}"
EndProject
Project("{9A19103F-16F7-4668-BE54-9A1E7A4F7556}") = "ACMESharp", "ACMESharpCore\src\ACMESharp\ACMESharp.csproj", "{EC550480-DCC4-41A3-910D-69A4930C6DCC}"
EndProject
Project("{9A19103F-16F7-4668-BE54-9A1E7A4F7556}") = "ContainerApps.Acmebot", "ContainerApps.Acmebot\ContainerApps.Acmebot.csproj", "{999AD82C-CB3B-4CCA-B56F-AD27462785A5}"
EndProject
Project("{9A19103F-16F7-4668-BE54-9A1E7A4F7556}") = "Azure.ResourceManager.App", "Azure.ResourceManager.App\Azure.ResourceManager.App.csproj", "{8A435CDD-87D1-489F-823C-DDB2EF18F399}"
EndProject
Global
	GlobalSection(SolutionConfigurationPlatforms) = preSolution
		Debug|Any CPU = Debug|Any CPU
		Release|Any CPU = Release|Any CPU
	EndGlobalSection
	GlobalSection(ProjectConfigurationPlatforms) = postSolution
		{89033DD0-C338-4F6D-8B39-68FB27F0DE64}.Debug|Any CPU.ActiveCfg = Debug|Any CPU
		{89033DD0-C338-4F6D-8B39-68FB27F0DE64}.Debug|Any CPU.Build.0 = Debug|Any CPU
		{89033DD0-C338-4F6D-8B39-68FB27F0DE64}.Release|Any CPU.ActiveCfg = Release|Any CPU
		{89033DD0-C338-4F6D-8B39-68FB27F0DE64}.Release|Any CPU.Build.0 = Release|Any CPU
		{EC550480-DCC4-41A3-910D-69A4930C6DCC}.Debug|Any CPU.ActiveCfg = Debug|Any CPU
		{EC550480-DCC4-41A3-910D-69A4930C6DCC}.Debug|Any CPU.Build.0 = Debug|Any CPU
		{EC550480-DCC4-41A3-910D-69A4930C6DCC}.Release|Any CPU.ActiveCfg = Release|Any CPU
		{EC550480-DCC4-41A3-910D-69A4930C6DCC}.Release|Any CPU.Build.0 = Release|Any CPU
		{999AD82C-CB3B-4CCA-B56F-AD27462785A5}.Debug|Any CPU.ActiveCfg = Debug|Any CPU
		{999AD82C-CB3B-4CCA-B56F-AD27462785A5}.Debug|Any CPU.Build.0 = Debug|Any CPU
		{999AD82C-CB3B-4CCA-B56F-AD27462785A5}.Release|Any CPU.ActiveCfg = Release|Any CPU
		{999AD82C-CB3B-4CCA-B56F-AD27462785A5}.Release|Any CPU.Build.0 = Release|Any CPU
		{8A435CDD-87D1-489F-823C-DDB2EF18F399}.Debug|Any CPU.ActiveCfg = Debug|Any CPU
		{8A435CDD-87D1-489F-823C-DDB2EF18F399}.Debug|Any CPU.Build.0 = Debug|Any CPU
		{8A435CDD-87D1-489F-823C-DDB2EF18F399}.Release|Any CPU.ActiveCfg = Release|Any CPU
		{8A435CDD-87D1-489F-823C-DDB2EF18F399}.Release|Any CPU.Build.0 = Release|Any CPU
	EndGlobalSection
	GlobalSection(SolutionProperties) = preSolution
		HideSolutionNode = FALSE
	EndGlobalSection
	GlobalSection(ExtensibilityGlobals) = postSolution
		SolutionGuid = {34F93DB7-6EA5-4475-8014-DDE1003C8473}
	EndGlobalSection
EndGlobal
